// !$*UTF8*$!
{
	archiveVersion = 1;
	classes = {
	};
	objectVersion = 50;
	objects = {

/* Begin PBXBuildFile section */
		CEBAE4D4238A47AE0052F8D1 /* AppDelegate.swift in Sources */ = {isa = PBXBuildFile; fileRef = CEBAE4D3238A47AE0052F8D1 /* AppDelegate.swift */; };
		CEBAE4D6238A47AE0052F8D1 /* art.scnassets in Resources */ = {isa = PBXBuildFile; fileRef = CEBAE4D5238A47AE0052F8D1 /* art.scnassets */; };
		CEBAE4D8238A47AE0052F8D1 /* ViewController.swift in Sources */ = {isa = PBXBuildFile; fileRef = CEBAE4D7238A47AE0052F8D1 /* ViewController.swift */; };
		CEBAE4DB238A47AE0052F8D1 /* Main.storyboard in Resources */ = {isa = PBXBuildFile; fileRef = CEBAE4D9238A47AE0052F8D1 /* Main.storyboard */; };
		CEBAE4DD238A47B00052F8D1 /* Assets.xcassets in Resources */ = {isa = PBXBuildFile; fileRef = CEBAE4DC238A47B00052F8D1 /* Assets.xcassets */; };
		CEBAE4E0238A47B00052F8D1 /* LaunchScreen.storyboard in Resources */ = {isa = PBXBuildFile; fileRef = CEBAE4DE238A47B00052F8D1 /* LaunchScreen.storyboard */; };
		CEBAE4EB238A47B00052F8D1 /* ARItsYuriTests.swift in Sources */ = {isa = PBXBuildFile; fileRef = CEBAE4EA238A47B00052F8D1 /* ARItsYuriTests.swift */; };
		CEBAE4F6238A47B00052F8D1 /* ARItsYuriUITests.swift in Sources */ = {isa = PBXBuildFile; fileRef = CEBAE4F5238A47B00052F8D1 /* ARItsYuriUITests.swift */; };
/* End PBXBuildFile section */

/* Begin PBXContainerItemProxy section */
		CEBAE4E7238A47B00052F8D1 /* PBXContainerItemProxy */ = {
			isa = PBXContainerItemProxy;
			containerPortal = CEBAE4C8238A47AD0052F8D1 /* Project object */;
			proxyType = 1;
			remoteGlobalIDString = CEBAE4CF238A47AE0052F8D1;
			remoteInfo = ARItsYuri;
		};
		CEBAE4F2238A47B00052F8D1 /* PBXContainerItemProxy */ = {
			isa = PBXContainerItemProxy;
			containerPortal = CEBAE4C8238A47AD0052F8D1 /* Project object */;
			proxyType = 1;
			remoteGlobalIDString = CEBAE4CF238A47AE0052F8D1;
			remoteInfo = ARItsYuri;
		};
/* End PBXContainerItemProxy section */

/* Begin PBXFileReference section */
		CEBAE4D0238A47AE0052F8D1 /* ARItsYuri.app */ = {isa = PBXFileReference; explicitFileType = wrapper.application; includeInIndex = 0; path = ARItsYuri.app; sourceTree = BUILT_PRODUCTS_DIR; };
		CEBAE4D3238A47AE0052F8D1 /* AppDelegate.swift */ = {isa = PBXFileReference; lastKnownFileType = sourcecode.swift; path = AppDelegate.swift; sourceTree = "<group>"; };
		CEBAE4D5238A47AE0052F8D1 /* art.scnassets */ = {isa = PBXFileReference; lastKnownFileType = wrapper.scnassets; path = art.scnassets; sourceTree = "<group>"; };
		CEBAE4D7238A47AE0052F8D1 /* ViewController.swift */ = {isa = PBXFileReference; lastKnownFileType = sourcecode.swift; path = ViewController.swift; sourceTree = "<group>"; };
		CEBAE4DA238A47AE0052F8D1 /* Base */ = {isa = PBXFileReference; lastKnownFileType = file.storyboard; name = Base; path = Base.lproj/Main.storyboard; sourceTree = "<group>"; };
		CEBAE4DC238A47B00052F8D1 /* Assets.xcassets */ = {isa = PBXFileReference; lastKnownFileType = folder.assetcatalog; path = Assets.xcassets; sourceTree = "<group>"; };
		CEBAE4DF238A47B00052F8D1 /* Base */ = {isa = PBXFileReference; lastKnownFileType = file.storyboard; name = Base; path = Base.lproj/LaunchScreen.storyboard; sourceTree = "<group>"; };
		CEBAE4E1238A47B00052F8D1 /* Info.plist */ = {isa = PBXFileReference; lastKnownFileType = text.plist.xml; path = Info.plist; sourceTree = "<group>"; };
		CEBAE4E6238A47B00052F8D1 /* ARItsYuriTests.xctest */ = {isa = PBXFileReference; explicitFileType = wrapper.cfbundle; includeInIndex = 0; path = ARItsYuriTests.xctest; sourceTree = BUILT_PRODUCTS_DIR; };
		CEBAE4EA238A47B00052F8D1 /* ARItsYuriTests.swift */ = {isa = PBXFileReference; lastKnownFileType = sourcecode.swift; path = ARItsYuriTests.swift; sourceTree = "<group>"; };
		CEBAE4EC238A47B00052F8D1 /* Info.plist */ = {isa = PBXFileReference; lastKnownFileType = text.plist.xml; path = Info.plist; sourceTree = "<group>"; };
		CEBAE4F1238A47B00052F8D1 /* ARItsYuriUITests.xctest */ = {isa = PBXFileReference; explicitFileType = wrapper.cfbundle; includeInIndex = 0; path = ARItsYuriUITests.xctest; sourceTree = BUILT_PRODUCTS_DIR; };
		CEBAE4F5238A47B00052F8D1 /* ARItsYuriUITests.swift */ = {isa = PBXFileReference; lastKnownFileType = sourcecode.swift; path = ARItsYuriUITests.swift; sourceTree = "<group>"; };
		CEBAE4F7238A47B00052F8D1 /* Info.plist */ = {isa = PBXFileReference; lastKnownFileType = text.plist.xml; path = Info.plist; sourceTree = "<group>"; };
/* End PBXFileReference section */

/* Begin PBXFrameworksBuildPhase section */
		CEBAE4CD238A47AE0052F8D1 /* Frameworks */ = {
			isa = PBXFrameworksBuildPhase;
			buildActionMask = 2147483647;
			files = (
			);
			runOnlyForDeploymentPostprocessing = 0;
		};
		CEBAE4E3238A47B00052F8D1 /* Frameworks */ = {
			isa = PBXFrameworksBuildPhase;
			buildActionMask = 2147483647;
			files = (
			);
			runOnlyForDeploymentPostprocessing = 0;
		};
		CEBAE4EE238A47B00052F8D1 /* Frameworks */ = {
			isa = PBXFrameworksBuildPhase;
			buildActionMask = 2147483647;
			files = (
			);
			runOnlyForDeploymentPostprocessing = 0;
		};
/* End PBXFrameworksBuildPhase section */

/* Begin PBXGroup section */
		CEBAE4C7238A47AD0052F8D1 = {
			isa = PBXGroup;
			children = (
				CEBAE4D2238A47AE0052F8D1 /* ARItsYuri */,
				CEBAE4E9238A47B00052F8D1 /* ARItsYuriTests */,
				CEBAE4F4238A47B00052F8D1 /* ARItsYuriUITests */,
				CEBAE4D1238A47AE0052F8D1 /* Products */,
			);
			sourceTree = "<group>";
		};
		CEBAE4D1238A47AE0052F8D1 /* Products */ = {
			isa = PBXGroup;
			children = (
				CEBAE4D0238A47AE0052F8D1 /* ARItsYuri.app */,
				CEBAE4E6238A47B00052F8D1 /* ARItsYuriTests.xctest */,
				CEBAE4F1238A47B00052F8D1 /* ARItsYuriUITests.xctest */,
			);
			name = Products;
			sourceTree = "<group>";
		};
		CEBAE4D2238A47AE0052F8D1 /* ARItsYuri */ = {
			isa = PBXGroup;
			children = (
				CEBAE4D3238A47AE0052F8D1 /* AppDelegate.swift */,
				CEBAE4D5238A47AE0052F8D1 /* art.scnassets */,
				CEBAE4D7238A47AE0052F8D1 /* ViewController.swift */,
				CEBAE4D9238A47AE0052F8D1 /* Main.storyboard */,
				CEBAE4DC238A47B00052F8D1 /* Assets.xcassets */,
				CEBAE4DE238A47B00052F8D1 /* LaunchScreen.storyboard */,
				CEBAE4E1238A47B00052F8D1 /* Info.plist */,
			);
			path = ARItsYuri;
			sourceTree = "<group>";
		};
		CEBAE4E9238A47B00052F8D1 /* ARItsYuriTests */ = {
			isa = PBXGroup;
			children = (
				CEBAE4EA238A47B00052F8D1 /* ARItsYuriTests.swift */,
				CEBAE4EC238A47B00052F8D1 /* Info.plist */,
			);
			path = ARItsYuriTests;
			sourceTree = "<group>";
		};
		CEBAE4F4238A47B00052F8D1 /* ARItsYuriUITests */ = {
			isa = PBXGroup;
			children = (
				CEBAE4F5238A47B00052F8D1 /* ARItsYuriUITests.swift */,
				CEBAE4F7238A47B00052F8D1 /* Info.plist */,
			);
			path = ARItsYuriUITests;
			sourceTree = "<group>";
		};
/* End PBXGroup section */

/* Begin PBXNativeTarget section */
		CEBAE4CF238A47AE0052F8D1 /* ARItsYuri */ = {
			isa = PBXNativeTarget;
			buildConfigurationList = CEBAE4FA238A47B00052F8D1 /* Build configuration list for PBXNativeTarget "ARItsYuri" */;
			buildPhases = (
				CEBAE4CC238A47AE0052F8D1 /* Sources */,
				CEBAE4CD238A47AE0052F8D1 /* Frameworks */,
				CEBAE4CE238A47AE0052F8D1 /* Resources */,
			);
			buildRules = (
			);
			dependencies = (
			);
			name = ARItsYuri;
			productName = ARItsYuri;
			productReference = CEBAE4D0238A47AE0052F8D1 /* ARItsYuri.app */;
			productType = "com.apple.product-type.application";
		};
		CEBAE4E5238A47B00052F8D1 /* ARItsYuriTests */ = {
			isa = PBXNativeTarget;
			buildConfigurationList = CEBAE4FD238A47B00052F8D1 /* Build configuration list for PBXNativeTarget "ARItsYuriTests" */;
			buildPhases = (
				CEBAE4E2238A47B00052F8D1 /* Sources */,
				CEBAE4E3238A47B00052F8D1 /* Frameworks */,
				CEBAE4E4238A47B00052F8D1 /* Resources */,
			);
			buildRules = (
			);
			dependencies = (
				CEBAE4E8238A47B00052F8D1 /* PBXTargetDependency */,
			);
			name = ARItsYuriTests;
			productName = ARItsYuriTests;
			productReference = CEBAE4E6238A47B00052F8D1 /* ARItsYuriTests.xctest */;
			productType = "com.apple.product-type.bundle.unit-test";
		};
		CEBAE4F0238A47B00052F8D1 /* ARItsYuriUITests */ = {
			isa = PBXNativeTarget;
			buildConfigurationList = CEBAE500238A47B00052F8D1 /* Build configuration list for PBXNativeTarget "ARItsYuriUITests" */;
			buildPhases = (
				CEBAE4ED238A47B00052F8D1 /* Sources */,
				CEBAE4EE238A47B00052F8D1 /* Frameworks */,
				CEBAE4EF238A47B00052F8D1 /* Resources */,
			);
			buildRules = (
			);
			dependencies = (
				CEBAE4F3238A47B00052F8D1 /* PBXTargetDependency */,
			);
			name = ARItsYuriUITests;
			productName = ARItsYuriUITests;
			productReference = CEBAE4F1238A47B00052F8D1 /* ARItsYuriUITests.xctest */;
			productType = "com.apple.product-type.bundle.ui-testing";
		};
/* End PBXNativeTarget section */

/* Begin PBXProject section */
		CEBAE4C8238A47AD0052F8D1 /* Project object */ = {
			isa = PBXProject;
			attributes = {
				LastSwiftUpdateCheck = 1110;
				LastUpgradeCheck = 1110;
				ORGANIZATIONNAME = rinsuki;
				TargetAttributes = {
					CEBAE4CF238A47AE0052F8D1 = {
						CreatedOnToolsVersion = 11.1;
					};
					CEBAE4E5238A47B00052F8D1 = {
						CreatedOnToolsVersion = 11.1;
						TestTargetID = CEBAE4CF238A47AE0052F8D1;
					};
					CEBAE4F0238A47B00052F8D1 = {
						CreatedOnToolsVersion = 11.1;
						TestTargetID = CEBAE4CF238A47AE0052F8D1;
					};
				};
			};
			buildConfigurationList = CEBAE4CB238A47AD0052F8D1 /* Build configuration list for PBXProject "ARItsYuri" */;
			compatibilityVersion = "Xcode 9.3";
			developmentRegion = en;
			hasScannedForEncodings = 0;
			knownRegions = (
				en,
				Base,
			);
			mainGroup = CEBAE4C7238A47AD0052F8D1;
			productRefGroup = CEBAE4D1238A47AE0052F8D1 /* Products */;
			projectDirPath = "";
			projectRoot = "";
			targets = (
				CEBAE4CF238A47AE0052F8D1 /* ARItsYuri */,
				CEBAE4E5238A47B00052F8D1 /* ARItsYuriTests */,
				CEBAE4F0238A47B00052F8D1 /* ARItsYuriUITests */,
			);
		};
/* End PBXProject section */

/* Begin PBXResourcesBuildPhase section */
		CEBAE4CE238A47AE0052F8D1 /* Resources */ = {
			isa = PBXResourcesBuildPhase;
			buildActionMask = 2147483647;
			files = (
				CEBAE4D6238A47AE0052F8D1 /* art.scnassets in Resources */,
				CEBAE4E0238A47B00052F8D1 /* LaunchScreen.storyboard in Resources */,
				CEBAE4DD238A47B00052F8D1 /* Assets.xcassets in Resources */,
				CEBAE4DB238A47AE0052F8D1 /* Main.storyboard in Resources */,
			);
			runOnlyForDeploymentPostprocessing = 0;
		};
		CEBAE4E4238A47B00052F8D1 /* Resources */ = {
			isa = PBXResourcesBuildPhase;
			buildActionMask = 2147483647;
			files = (
			);
			runOnlyForDeploymentPostprocessing = 0;
		};
		CEBAE4EF238A47B00052F8D1 /* Resources */ = {
			isa = PBXResourcesBuildPhase;
			buildActionMask = 2147483647;
			files = (
			);
			runOnlyForDeploymentPostprocessing = 0;
		};
/* End PBXResourcesBuildPhase section */

/* Begin PBXSourcesBuildPhase section */
		CEBAE4CC238A47AE0052F8D1 /* Sources */ = {
			isa = PBXSourcesBuildPhase;
			buildActionMask = 2147483647;
			files = (
				CEBAE4D8238A47AE0052F8D1 /* ViewController.swift in Sources */,
				CEBAE4D4238A47AE0052F8D1 /* AppDelegate.swift in Sources */,
			);
			runOnlyForDeploymentPostprocessing = 0;
		};
		CEBAE4E2238A47B00052F8D1 /* Sources */ = {
			isa = PBXSourcesBuildPhase;
			buildActionMask = 2147483647;
			files = (
				CEBAE4EB238A47B00052F8D1 /* ARItsYuriTests.swift in Sources */,
			);
			runOnlyForDeploymentPostprocessing = 0;
		};
		CEBAE4ED238A47B00052F8D1 /* Sources */ = {
			isa = PBXSourcesBuildPhase;
			buildActionMask = 2147483647;
			files = (
				CEBAE4F6238A47B00052F8D1 /* ARItsYuriUITests.swift in Sources */,
			);
			runOnlyForDeploymentPostprocessing = 0;
		};
/* End PBXSourcesBuildPhase section */

/* Begin PBXTargetDependency section */
		CEBAE4E8238A47B00052F8D1 /* PBXTargetDependency */ = {
			isa = PBXTargetDependency;
			target = CEBAE4CF238A47AE0052F8D1 /* ARItsYuri */;
			targetProxy = CEBAE4E7238A47B00052F8D1 /* PBXContainerItemProxy */;
		};
		CEBAE4F3238A47B00052F8D1 /* PBXTargetDependency */ = {
			isa = PBXTargetDependency;
			target = CEBAE4CF238A47AE0052F8D1 /* ARItsYuri */;
			targetProxy = CEBAE4F2238A47B00052F8D1 /* PBXContainerItemProxy */;
		};
/* End PBXTargetDependency section */

/* Begin PBXVariantGroup section */
		CEBAE4D9238A47AE0052F8D1 /* Main.storyboard */ = {
			isa = PBXVariantGroup;
			children = (
				CEBAE4DA238A47AE0052F8D1 /* Base */,
			);
			name = Main.storyboard;
			sourceTree = "<group>";
		};
		CEBAE4DE238A47B00052F8D1 /* LaunchScreen.storyboard */ = {
			isa = PBXVariantGroup;
			children = (
				CEBAE4DF238A47B00052F8D1 /* Base */,
			);
			name = LaunchScreen.storyboard;
			sourceTree = "<group>";
		};
/* End PBXVariantGroup section */

/* Begin XCBuildConfiguration section */
		CEBAE4F8238A47B00052F8D1 /* Debug */ = {
			isa = XCBuildConfiguration;
			buildSettings = {
				ALWAYS_SEARCH_USER_PATHS = NO;
				CLANG_ANALYZER_NONNULL = YES;
				CLANG_ANALYZER_NUMBER_OBJECT_CONVERSION = YES_AGGRESSIVE;
				CLANG_CXX_LANGUAGE_STANDARD = "gnu++14";
				CLANG_CXX_LIBRARY = "libc++";
				CLANG_ENABLE_MODULES = YES;
				CLANG_ENABLE_OBJC_ARC = YES;
				CLANG_ENABLE_OBJC_WEAK = YES;
				CLANG_WARN_BLOCK_CAPTURE_AUTORELEASING = YES;
				CLANG_WARN_BOOL_CONVERSION = YES;
				CLANG_WARN_COMMA = YES;
				CLANG_WARN_CONSTANT_CONVERSION = YES;
				CLANG_WARN_DEPRECATED_OBJC_IMPLEMENTATIONS = YES;
				CLANG_WARN_DIRECT_OBJC_ISA_USAGE = YES_ERROR;
				CLANG_WARN_DOCUMENTATION_COMMENTS = YES;
				CLANG_WARN_EMPTY_BODY = YES;
				CLANG_WARN_ENUM_CONVERSION = YES;
				CLANG_WARN_INFINITE_RECURSION = YES;
				CLANG_WARN_INT_CONVERSION = YES;
				CLANG_WARN_NON_LITERAL_NULL_CONVERSION = YES;
				CLANG_WARN_OBJC_IMPLICIT_RETAIN_SELF = YES;
				CLANG_WARN_OBJC_LITERAL_CONVERSION = YES;
				CLANG_WARN_OBJC_ROOT_CLASS = YES_ERROR;
				CLANG_WARN_RANGE_LOOP_ANALYSIS = YES;
				CLANG_WARN_STRICT_PROTOTYPES = YES;
				CLANG_WARN_SUSPICIOUS_MOVE = YES;
				CLANG_WARN_UNGUARDED_AVAILABILITY = YES_AGGRESSIVE;
				CLANG_WARN_UNREACHABLE_CODE = YES;
				CLANG_WARN__DUPLICATE_METHOD_MATCH = YES;
				COPY_PHASE_STRIP = NO;
				DEBUG_INFORMATION_FORMAT = dwarf;
				ENABLE_STRICT_OBJC_MSGSEND = YES;
				ENABLE_TESTABILITY = YES;
				GCC_C_LANGUAGE_STANDARD = gnu11;
				GCC_DYNAMIC_NO_PIC = NO;
				GCC_NO_COMMON_BLOCKS = YES;
				GCC_OPTIMIZATION_LEVEL = 0;
				GCC_PREPROCESSOR_DEFINITIONS = (
					"DEBUG=1",
					"$(inherited)",
				);
				GCC_WARN_64_TO_32_BIT_CONVERSION = YES;
				GCC_WARN_ABOUT_RETURN_TYPE = YES_ERROR;
				GCC_WARN_UNDECLARED_SELECTOR = YES;
				GCC_WARN_UNINITIALIZED_AUTOS = YES_AGGRESSIVE;
				GCC_WARN_UNUSED_FUNCTION = YES;
				GCC_WARN_UNUSED_VARIABLE = YES;
				IPHONEOS_DEPLOYMENT_TARGET = 13.1;
				MTL_ENABLE_DEBUG_INFO = INCLUDE_SOURCE;
				MTL_FAST_MATH = YES;
				ONLY_ACTIVE_ARCH = YES;
				SDKROOT = iphoneos;
				SWIFT_ACTIVE_COMPILATION_CONDITIONS = DEBUG;
				SWIFT_OPTIMIZATION_LEVEL = "-Onone";
			};
			name = Debug;
		};
		CEBAE4F9238A47B00052F8D1 /* Release */ = {
			isa = XCBuildConfiguration;
			buildSettings = {
				ALWAYS_SEARCH_USER_PATHS = NO;
				CLANG_ANALYZER_NONNULL = YES;
				CLANG_ANALYZER_NUMBER_OBJECT_CONVERSION = YES_AGGRESSIVE;
				CLANG_CXX_LANGUAGE_STANDARD = "gnu++14";
				CLANG_CXX_LIBRARY = "libc++";
				CLANG_ENABLE_MODULES = YES;
				CLANG_ENABLE_OBJC_ARC = YES;
				CLANG_ENABLE_OBJC_WEAK = YES;
				CLANG_WARN_BLOCK_CAPTURE_AUTORELEASING = YES;
				CLANG_WARN_BOOL_CONVERSION = YES;
				CLANG_WARN_COMMA = YES;
				CLANG_WARN_CONSTANT_CONVERSION = YES;
				CLANG_WARN_DEPRECATED_OBJC_IMPLEMENTATIONS = YES;
				CLANG_WARN_DIRECT_OBJC_ISA_USAGE = YES_ERROR;
				CLANG_WARN_DOCUMENTATION_COMMENTS = YES;
				CLANG_WARN_EMPTY_BODY = YES;
				CLANG_WARN_ENUM_CONVERSION = YES;
				CLANG_WARN_INFINITE_RECURSION = YES;
				CLANG_WARN_INT_CONVERSION = YES;
				CLANG_WARN_NON_LITERAL_NULL_CONVERSION = YES;
				CLANG_WARN_OBJC_IMPLICIT_RETAIN_SELF = YES;
				CLANG_WARN_OBJC_LITERAL_CONVERSION = YES;
				CLANG_WARN_OBJC_ROOT_CLASS = YES_ERROR;
				CLANG_WARN_RANGE_LOOP_ANALYSIS = YES;
				CLANG_WARN_STRICT_PROTOTYPES = YES;
				CLANG_WARN_SUSPICIOUS_MOVE = YES;
				CLANG_WARN_UNGUARDED_AVAILABILITY = YES_AGGRESSIVE;
				CLANG_WARN_UNREACHABLE_CODE = YES;
				CLANG_WARN__DUPLICATE_METHOD_MATCH = YES;
				COPY_PHASE_STRIP = NO;
				DEBUG_INFORMATION_FORMAT = "dwarf-with-dsym";
				ENABLE_NS_ASSERTIONS = NO;
				ENABLE_STRICT_OBJC_MSGSEND = YES;
				GCC_C_LANGUAGE_STANDARD = gnu11;
				GCC_NO_COMMON_BLOCKS = YES;
				GCC_WARN_64_TO_32_BIT_CONVERSION = YES;
				GCC_WARN_ABOUT_RETURN_TYPE = YES_ERROR;
				GCC_WARN_UNDECLARED_SELECTOR = YES;
				GCC_WARN_UNINITIALIZED_AUTOS = YES_AGGRESSIVE;
				GCC_WARN_UNUSED_FUNCTION = YES;
				GCC_WARN_UNUSED_VARIABLE = YES;
				IPHONEOS_DEPLOYMENT_TARGET = 13.1;
				MTL_ENABLE_DEBUG_INFO = NO;
				MTL_FAST_MATH = YES;
				SDKROOT = iphoneos;
				SWIFT_COMPILATION_MODE = wholemodule;
				SWIFT_OPTIMIZATION_LEVEL = "-O";
				VALIDATE_PRODUCT = YES;
			};
			name = Release;
		};
		CEBAE4FB238A47B00052F8D1 /* Debug */ = {
			isa = XCBuildConfiguration;
			buildSettings = {
				ASSETCATALOG_COMPILER_APPICON_NAME = AppIcon;
				CODE_SIGN_STYLE = Automatic;
				CURRENT_PROJECT_VERSION = 2;
				DEVELOPMENT_TEAM = 4XKKKM86RN;
				INFOPLIST_FILE = ARItsYuri/Info.plist;
				LD_RUNPATH_SEARCH_PATHS = (
					"$(inherited)",
					"@executable_path/Frameworks",
				);
				PRODUCT_BUNDLE_IDENTIFIER = net.rinsuki.apps.ios.ARItsYuri;
				PRODUCT_NAME = "$(TARGET_NAME)";
				SWIFT_VERSION = 5.0;
				TARGETED_DEVICE_FAMILY = "1,2";
			};
			name = Debug;
		};
		CEBAE4FC238A47B00052F8D1 /* Release */ = {
			isa = XCBuildConfiguration;
			buildSettings = {
				ASSETCATALOG_COMPILER_APPICON_NAME = AppIcon;
				CODE_SIGN_STYLE = Automatic;
				CURRENT_PROJECT_VERSION = 2;
				DEVELOPMENT_TEAM = 4XKKKM86RN;
				INFOPLIST_FILE = ARItsYuri/Info.plist;
				LD_RUNPATH_SEARCH_PATHS = (
					"$(inherited)",
					"@executable_path/Frameworks",
				);
				PRODUCT_BUNDLE_IDENTIFIER = net.rinsuki.apps.ios.ARItsYuri;
				PRODUCT_NAME = "$(TARGET_NAME)";
				SWIFT_VERSION = 5.0;
				TARGETED_DEVICE_FAMILY = "1,2";
			};
			name = Release;
		};
		CEBAE4FE238A47B00052F8D1 /* Debug */ = {
			isa = XCBuildConfiguration;
			buildSettings = {
				ALWAYS_EMBED_SWIFT_STANDARD_LIBRARIES = YES;
				BUNDLE_LOADER = "$(TEST_HOST)";
				CODE_SIGN_STYLE = Automatic;
				DEVELOPMENT_TEAM = 4XKKKM86RN;
				INFOPLIST_FILE = ARItsYuriTests/Info.plist;
				IPHONEOS_DEPLOYMENT_TARGET = 13.1;
				LD_RUNPATH_SEARCH_PATHS = (
					"$(inherited)",
					"@executable_path/Frameworks",
					"@loader_path/Frameworks",
				);
				PRODUCT_BUNDLE_IDENTIFIER = net.rinsuki.apps.ios.ARItsYuriTests;
				PRODUCT_NAME = "$(TARGET_NAME)";
				SWIFT_VERSION = 5.0;
				TARGETED_DEVICE_FAMILY = "1,2";
				TEST_HOST = "$(BUILT_PRODUCTS_DIR)/ARItsYuri.app/ARItsYuri";
			};
			name = Debug;
		};
		CEBAE4FF238A47B00052F8D1 /* Release */ = {
			isa = XCBuildConfiguration;
			buildSettings = {
				ALWAYS_EMBED_SWIFT_STANDARD_LIBRARIES = YES;
				BUNDLE_LOADER = "$(TEST_HOST)";
				CODE_SIGN_STYLE = Automatic;
				DEVELOPMENT_TEAM = 4XKKKM86RN;
				INFOPLIST_FILE = ARItsYuriTests/Info.plist;
				IPHONEOS_DEPLOYMENT_TARGET = 13.1;
				LD_RUNPATH_SEARCH_PATHS = (
					"$(inherited)",
					"@executable_path/Frameworks",
					"@loader_path/Frameworks",
				);
				PRODUCT_BUNDLE_IDENTIFIER = net.rinsuki.apps.ios.ARItsYuriTests;
				PRODUCT_NAME = "$(TARGET_NAME)";
				SWIFT_VERSION = 5.0;
				TARGETED_DEVICE_FAMILY = "1,2";
				TEST_HOST = "$(BUILT_PRODUCTS_DIR)/ARItsYuri.app/ARItsYuri";
			};
			name = Release;
		};
		CEBAE501238A47B00052F8D1 /* Debug */ = {
			isa = XCBuildConfiguration;
			buildSettings = {
				ALWAYS_EMBED_SWIFT_STANDARD_LIBRARIES = YES;
				CODE_SIGN_STYLE = Automatic;
				DEVELOPMENT_TEAM = 4XKKKM86RN;
				INFOPLIST_FILE = ARItsYuriUITests/Info.plist;
				LD_RUNPATH_SEARCH_PATHS = (
					"$(inherited)",
					"@executable_path/Frameworks",
					"@loader_path/Frameworks",
				);
				PRODUCT_BUNDLE_IDENTIFIER = net.rinsuki.apps.ios.ARItsYuriUITests;
				PRODUCT_NAME = "$(TARGET_NAME)";
				SWIFT_VERSION = 5.0;
				TARGETED_DEVICE_FAMILY = "1,2";
				TEST_TARGET_NAME = ARItsYuri;
			};
			name = Debug;
		};
		CEBAE502238A47B00052F8D1 /* Release */ = {
			isa = XCBuildConfiguration;
			buildSettings = {
				ALWAYS_EMBED_SWIFT_STANDARD_LIBRARIES = YES;
				CODE_SIGN_STYLE = Automatic;
				DEVELOPMENT_TEAM = 4XKKKM86RN;
				INFOPLIST_FILE = ARItsYuriUITests/Info.plist;
				LD_RUNPATH_SEARCH_PATHS = (
					"$(inherited)",
					"@executable_path/Frameworks",
					"@loader_path/Frameworks",
				);
				PRODUCT_BUNDLE_IDENTIFIER = net.rinsuki.apps.ios.ARItsYuriUITests;
				PRODUCT_NAME = "$(TARGET_NAME)";
				SWIFT_VERSION = 5.0;
				TARGETED_DEVICE_FAMILY = "1,2";
				TEST_TARGET_NAME = ARItsYuri;
			};
			name = Release;
		};
/* End XCBuildConfiguration section */

/* Begin XCConfigurationList section */
		CEBAE4CB238A47AD0052F8D1 /* Build configuration list for PBXProject "ARItsYuri" */ = {
			isa = XCConfigurationList;
			buildConfigurations = (
				CEBAE4F8238A47B00052F8D1 /* Debug */,
				CEBAE4F9238A47B00052F8D1 /* Release */,
			);
			defaultConfigurationIsVisible = 0;
			defaultConfigurationName = Release;
		};
		CEBAE4FA238A47B00052F8D1 /* Build configuration list for PBXNativeTarget "ARItsYuri" */ = {
			isa = XCConfigurationList;
			buildConfigurations = (
				CEBAE4FB238A47B00052F8D1 /* Debug */,
				CEBAE4FC238A47B00052F8D1 /* Release */,
			);
			defaultConfigurationIsVisible = 0;
			defaultConfigurationName = Release;
		};
		CEBAE4FD238A47B00052F8D1 /* Build configuration list for PBXNativeTarget "ARItsYuriTests" */ = {
			isa = XCConfigurationList;
			buildConfigurations = (
				CEBAE4FE238A47B00052F8D1 /* Debug */,
				CEBAE4FF238A47B00052F8D1 /* Release */,
			);
			defaultConfigurationIsVisible = 0;
			defaultConfigurationName = Release;
		};
		CEBAE500238A47B00052F8D1 /* Build configuration list for PBXNativeTarget "ARItsYuriUITests" */ = {
			isa = XCConfigurationList;
			buildConfigurations = (
				CEBAE501238A47B00052F8D1 /* Debug */,
				CEBAE502238A47B00052F8D1 /* Release */,
			);
			defaultConfigurationIsVisible = 0;
			defaultConfigurationName = Release;
		};
/* End XCConfigurationList section */
	};
	rootObject = CEBAE4C8238A47AD0052F8D1 /* Project object */;
}
